// !$*UTF8*$!
{
	archiveVersion = 1;
	classes = {
	};
	objectVersion = 46;
	objects = {

/* Begin PBXBuildFile section */
		7EE7C55E1C5E7E24004B7021 /* AppDelegate.swift in Sources */ = {isa = PBXBuildFile; fileRef = 7EE7C55D1C5E7E24004B7021 /* AppDelegate.swift */; };
		7EE7C5601C5E7E24004B7021 /* ViewController.swift in Sources */ = {isa = PBXBuildFile; fileRef = 7EE7C55F1C5E7E24004B7021 /* ViewController.swift */; };
		7EE7C5631C5E7E24004B7021 /* Main.storyboard in Resources */ = {isa = PBXBuildFile; fileRef = 7EE7C5611C5E7E24004B7021 /* Main.storyboard */; };
		7EE7C5651C5E7E24004B7021 /* Assets.xcassets in Resources */ = {isa = PBXBuildFile; fileRef = 7EE7C5641C5E7E24004B7021 /* Assets.xcassets */; };
		7EE7C5681C5E7E24004B7021 /* LaunchScreen.storyboard in Resources */ = {isa = PBXBuildFile; fileRef = 7EE7C5661C5E7E24004B7021 /* LaunchScreen.storyboard */; };
/* End PBXBuildFile section */

/* Begin PBXFileReference section */
		7EE7C55A1C5E7E24004B7021 /* circularImageView.app */ = {isa = PBXFileReference; explicitFileType = wrapper.application; includeInIndex = 0; path = circularImageView.app; sourceTree = BUILT_PRODUCTS_DIR; };
		7EE7C55D1C5E7E24004B7021 /* AppDelegate.swift */ = {isa = PBXFileReference; lastKnownFileType = sourcecode.swift; path = AppDelegate.swift; sourceTree = "<group>"; };
		7EE7C55F1C5E7E24004B7021 /* ViewController.swift */ = {isa = PBXFileReference; lastKnownFileType = sourcecode.swift; path = ViewController.swift; sourceTree = "<group>"; };
		7EE7C5621C5E7E24004B7021 /* Base */ = {isa = PBXFileReference; lastKnownFileType = file.storyboard; name = Base; path = Base.lproj/Main.storyboard; sourceTree = "<group>"; };
		7EE7C5641C5E7E24004B7021 /* Assets.xcassets */ = {isa = PBXFileReference; lastKnownFileType = folder.assetcatalog; path = Assets.xcassets; sourceTree = "<group>"; };
		7EE7C5671C5E7E24004B7021 /* Base */ = {isa = PBXFileReference; lastKnownFileType = file.storyboard; name = Base; path = Base.lproj/LaunchScreen.storyboard; sourceTree = "<group>"; };
		7EE7C5691C5E7E24004B7021 /* Info.plist */ = {isa = PBXFileReference; lastKnownFileType = text.plist.xml; path = Info.plist; sourceTree = "<group>"; };
/* End PBXFileReference section */

/* Begin PBXFrameworksBuildPhase section */
		7EE7C5571C5E7E24004B7021 /* Frameworks */ = {
			isa = PBXFrameworksBuildPhase;
			buildActionMask = 2147483647;
			files = (
			);
			runOnlyForDeploymentPostprocessing = 0;
		};
/* End PBXFrameworksBuildPhase section */

/* Begin PBXGroup section */
		7EE7C5511C5E7E24004B7021 = {
			isa = PBXGroup;
			children = (
				7EE7C55C1C5E7E24004B7021 /* circularImageView */,
				7EE7C55B1C5E7E24004B7021 /* Products */,
			);
			sourceTree = "<group>";
		};
		7EE7C55B1C5E7E24004B7021 /* Products */ = {
			isa = PBXGroup;
			children = (
				7EE7C55A1C5E7E24004B7021 /* circularImageView.app */,
			);
			name = Products;
			sourceTree = "<group>";
		};
		7EE7C55C1C5E7E24004B7021 /* circularImageView */ = {
			isa = PBXGroup;
			children = (
				7EE7C55D1C5E7E24004B7021 /* AppDelegate.swift */,
				7EE7C55F1C5E7E24004B7021 /* ViewController.swift */,
				7EE7C5611C5E7E24004B7021 /* Main.storyboard */,
				7EE7C5641C5E7E24004B7021 /* Assets.xcassets */,
				7EE7C5661C5E7E24004B7021 /* LaunchScreen.storyboard */,
				7EE7C5691C5E7E24004B7021 /* Info.plist */,
			);
			path = circularImageView;
			sourceTree = "<group>";
		};
/* End PBXGroup section */

/* Begin PBXNativeTarget section */
		7EE7C5591C5E7E24004B7021 /* circularImageView */ = {
			isa = PBXNativeTarget;
			buildConfigurationList = 7EE7C56C1C5E7E24004B7021 /* Build configuration list for PBXNativeTarget "circularImageView" */;
			buildPhases = (
				7EE7C5561C5E7E24004B7021 /* Sources */,
				7EE7C5571C5E7E24004B7021 /* Frameworks */,
				7EE7C5581C5E7E24004B7021 /* Resources */,
			);
			buildRules = (
			);
			dependencies = (
			);
			name = circularImageView;
			productName = circularImageView;
			productReference = 7EE7C55A1C5E7E24004B7021 /* circularImageView.app */;
			productType = "com.apple.product-type.application";
		};
/* End PBXNativeTarget section */

/* Begin PBXProject section */
		7EE7C5521C5E7E24004B7021 /* Project object */ = {
			isa = PBXProject;
			attributes = {
				LastSwiftUpdateCheck = 0720;
				LastUpgradeCheck = 0720;
				ORGANIZATIONNAME = newbieYin;
				TargetAttributes = {
					7EE7C5591C5E7E24004B7021 = {
						CreatedOnToolsVersion = 7.2;
					};
				};
			};
			buildConfigurationList = 7EE7C5551C5E7E24004B7021 /* Build configuration list for PBXProject "circularImageView" */;
			compatibilityVersion = "Xcode 3.2";
			developmentRegion = English;
			hasScannedForEncodings = 0;
			knownRegions = (
				en,
				Base,
			);
			mainGroup = 7EE7C5511C5E7E24004B7021;
			productRefGroup = 7EE7C55B1C5E7E24004B7021 /* Products */;
			projectDirPath = "";
			projectRoot = "";
			targets = (
				7EE7C5591C5E7E24004B7021 /* circularImageView */,
			);
		};
/* End PBXProject section */

/* Begin PBXResourcesBuildPhase section */
		7EE7C5581C5E7E24004B7021 /* Resources */ = {
			isa = PBXResourcesBuildPhase;
			buildActionMask = 2147483647;
			files = (
				7EE7C5681C5E7E24004B7021 /* LaunchScreen.storyboard in Resources */,
				7EE7C5651C5E7E24004B7021 /* Assets.xcassets in Resources */,
				7EE7C5631C5E7E24004B7021 /* Main.storyboard in Resources */,
			);
			runOnlyForDeploymentPostprocessing = 0;
		};
/* End PBXResourcesBuildPhase section */

/* Begin PBXSourcesBuildPhase section */
		7EE7C5561C5E7E24004B7021 /* Sources */ = {
			isa = PBXSourcesBuildPhase;
			buildActionMask = 2147483647;
			files = (
				7EE7C5601C5E7E24004B7021 /* ViewController.swift in Sources */,
				7EE7C55E1C5E7E24004B7021 /* AppDelegate.swift in Sources */,
			);
			runOnlyForDeploymentPostprocessing = 0;
		};
/* End PBXSourcesBuildPhase section */

/* Begin PBXVariantGroup section */
		7EE7C5611C5E7E24004B7021 /* Main.storyboard */ = {
			isa = PBXVariantGroup;
			children = (
				7EE7C5621C5E7E24004B7021 /* Base */,
			);
			name = Main.storyboard;
			sourceTree = "<group>";
		};
		7EE7C5661C5E7E24004B7021 /* LaunchScreen.storyboard */ = {
			isa = PBXVariantGroup;
			children = (
				7EE7C5671C5E7E24004B7021 /* Base */,
			);
			name = LaunchScreen.storyboard;
			sourceTree = "<group>";
		};
/* End PBXVariantGroup section */

/* Begin XCBuildConfiguration section */
		7EE7C56A1C5E7E24004B7021 /* Debug */ = {
			isa = XCBuildConfiguration;
			buildSettings = {
				ALWAYS_SEARCH_USER_PATHS = NO;
				CLANG_CXX_LANGUAGE_STANDARD = "gnu++0x";
				CLANG_CXX_LIBRARY = "libc++";
				CLANG_ENABLE_MODULES = YES;
				CLANG_ENABLE_OBJC_ARC = YES;
				CLANG_WARN_BOOL_CONVERSION = YES;
				CLANG_WARN_CONSTANT_CONVERSION = YES;
				CLANG_WARN_DIRECT_OBJC_ISA_USAGE = YES_ERROR;
				CLANG_WARN_EMPTY_BODY = YES;
				CLANG_WARN_ENUM_CONVERSION = YES;
				CLANG_WARN_INT_CONVERSION = YES;
				CLANG_WARN_OBJC_ROOT_CLASS = YES_ERROR;
				CLANG_WARN_UNREACHABLE_CODE = YES;
				CLANG_WARN__DUPLICATE_METHOD_MATCH = YES;
				"CODE_SIGN_IDENTITY[sdk=iphoneos*]" = "iPhone Developer";
				COPY_PHASE_STRIP = NO;
				DEBUG_INFORMATION_FORMAT = dwarf;
				ENABLE_STRICT_OBJC_MSGSEND = YES;
				ENABLE_TESTABILITY = YES;
				GCC_C_LANGUAGE_STANDARD = gnu99;
				GCC_DYNAMIC_NO_PIC = NO;
				GCC_NO_COMMON_BLOCKS = YES;
				GCC_OPTIMIZATION_LEVEL = 0;
				GCC_PREPROCESSOR_DEFINITIONS = (
					"DEBUG=1",
					"$(inherited)",
				);
				GCC_WARN_64_TO_32_BIT_CONVERSION = YES;
				GCC_WARN_ABOUT_RETURN_TYPE = YES_ERROR;
				GCC_WARN_UNDECLARED_SELECTOR = YES;
				GCC_WARN_UNINITIALIZED_AUTOS = YES_AGGRESSIVE;
				GCC_WARN_UNUSED_FUNCTION = YES;
				GCC_WARN_UNUSED_VARIABLE = YES;
				IPHONEOS_DEPLOYMENT_TARGET = 9.2;
				MTL_ENABLE_DEBUG_INFO = YES;
				ONLY_ACTIVE_ARCH = YES;
				SDKROOT = iphoneos;
				SWIFT_OPTIMIZATION_LEVEL = "-Onone";
			};
			name = Debug;
		};
		7EE7C56B1C5E7E24004B7021 /* Release */ = {
			isa = XCBuildConfiguration;
			buildSettings = {
				ALWAYS_SEARCH_USER_PATHS = NO;
				CLANG_CXX_LANGUAGE_STANDARD = "gnu++0x";
				CLANG_CXX_LIBRARY = "libc++";
				CLANG_ENABLE_MODULES = YES;
				CLANG_ENABLE_OBJC_ARC = YES;
				CLANG_WARN_BOOL_CONVERSION = YES;
				CLANG_WARN_CONSTANT_CONVERSION = YES;
				CLANG_WARN_DIRECT_OBJC_ISA_USAGE = YES_ERROR;
				CLANG_WARN_EMPTY_BODY = YES;
				CLANG_WARN_ENUM_CONVERSION = YES;
				CLANG_WARN_INT_CONVERSION = YES;
				CLANG_WARN_OBJC_ROOT_CLASS = YES_ERROR;
				CLANG_WARN_UNREACHABLE_CODE = YES;
				CLANG_WARN__DUPLICATE_METHOD_MATCH = YES;
				"CODE_SIGN_IDENTITY[sdk=iphoneos*]" = "iPhone Developer";
				COPY_PHASE_STRIP = NO;
				DEBUG_INFORMATION_FORMAT = "dwarf-with-dsym";
				ENABLE_NS_ASSERTIONS = NO;
				ENABLE_STRICT_OBJC_MSGSEND = YES;
				GCC_C_LANGUAGE_STANDARD = gnu99;
				GCC_NO_COMMON_BLOCKS = YES;
				GCC_WARN_64_TO_32_BIT_CONVERSION = YES;
				GCC_WARN_ABOUT_RETURN_TYPE = YES_ERROR;
				GCC_WARN_UNDECLARED_SELECTOR = YES;
				GCC_WARN_UNINITIALIZED_AUTOS = YES_AGGRESSIVE;
				GCC_WARN_UNUSED_FUNCTION = YES;
				GCC_WARN_UNUSED_VARIABLE = YES;
				IPHONEOS_DEPLOYMENT_TARGET = 9.2;
				MTL_ENABLE_DEBUG_INFO = NO;
				SDKROOT = iphoneos;
				VALIDATE_PRODUCT = YES;
			};
			name = Release;
		};
		7EE7C56D1C5E7E24004B7021 /* Debug */ = {
			isa = XCBuildConfiguration;
			buildSettings = {
				ASSETCATALOG_COMPILER_APPICON_NAME = AppIcon;
				INFOPLIST_FILE = circularImageView/Info.plist;
				LD_RUNPATH_SEARCH_PATHS = "$(inherited) @executable_path/Frameworks";
				PRODUCT_BUNDLE_IDENTIFIER = com.newbieYin.www.circularImageView;
				PRODUCT_NAME = "$(TARGET_NAME)";
			};
			name = Debug;
		};
		7EE7C56E1C5E7E24004B7021 /* Release */ = {
			isa = XCBuildConfiguration;
			buildSettings = {
				ASSETCATALOG_COMPILER_APPICON_NAME = AppIcon;
				INFOPLIST_FILE = circularImageView/Info.plist;
				LD_RUNPATH_SEARCH_PATHS = "$(inherited) @executable_path/Frameworks";
				PRODUCT_BUNDLE_IDENTIFIER = com.newbieYin.www.circularImageView;
				PRODUCT_NAME = "$(TARGET_NAME)";
			};
			name = Release;
		};
/* End XCBuildConfiguration section */

/* Begin XCConfigurationList section */
		7EE7C5551C5E7E24004B7021 /* Build configuration list for PBXProject "circularImageView" */ = {
			isa = XCConfigurationList;
			buildConfigurations = (
				7EE7C56A1C5E7E24004B7021 /* Debug */,
				7EE7C56B1C5E7E24004B7021 /* Release */,
			);
			defaultConfigurationIsVisible = 0;
			defaultConfigurationName = Release;
		};
		7EE7C56C1C5E7E24004B7021 /* Build configuration list for PBXNativeTarget "circularImageView" */ = {
			isa = XCConfigurationList;
			buildConfigurations = (
				7EE7C56D1C5E7E24004B7021 /* Debug */,
				7EE7C56E1C5E7E24004B7021 /* Release */,
			);
			defaultConfigurationIsVisible = 0;
		};
/* End XCConfigurationList section */
	};
	rootObject = 7EE7C5521C5E7E24004B7021 /* Project object */;
}
